
Microsoft Visual Studio Solution File, Format Version 12.00
# Visual Studio Version 16
VisualStudioVersion = 16.0.30611.23
MinimumVisualStudioVersion = 10.0.40219.1
Project("{FAE04EC0-301F-11D3-BF4B-00C04F79EFBC}") = "WpfApp444", "WpfApp444\WpfApp444.csproj", "{9F5FFC7F-067B-4BC3-A619-1F559E35758E}"
EndProject
Global
	GlobalSection(SolutionConfigurationPlatforms) = preSolution
		Debug|Any CPU = Debug|Any CPU
		Release|Any CPU = Release|Any CPU
	EndGlobalSection
	GlobalSection(ProjectConfigurationPlatforms) = postSolution
		{9F5FFC7F-067B-4BC3-A619-1F559E35758E}.Debug|Any CPU.ActiveCfg = Debug|Any CPU
		{9F5FFC7F-067B-4BC3-A619-1F559E35758E}.Debug|Any CPU.Build.0 = Debug|Any CPU
		{9F5FFC7F-067B-4BC3-A619-1F559E35758E}.Release|Any CPU.ActiveCfg = Release|Any CPU
		{9F5FFC7F-067B-4BC3-A619-1F559E35758E}.Release|Any CPU.Build.0 = Release|Any CPU
	EndGlobalSection
	GlobalSection(SolutionProperties) = preSolution
		HideSolutionNode = FALSE
	EndGlobalSection
	GlobalSection(ExtensibilityGlobals) = postSolution
		SolutionGuid = {7E822CFB-3482-420F-B56F-A14224FE9219}
	EndGlobalSection
EndGlobal
